
Microsoft Visual Studio Solution File, Format Version 12.00
# Visual Studio Version 17
VisualStudioVersion = 17.2.32516.85
MinimumVisualStudioVersion = 10.0.40219.1
Project("{9A19103F-16F7-4668-BE54-9A1E7A4F7556}") = "DespensaBarrial.Server", "DespensaBarrial\Server\DespensaBarrial.Server.csproj", "{C02B6E4A-7F53-4FF5-AA10-B8865B95A3A3}"
EndProject
Project("{9A19103F-16F7-4668-BE54-9A1E7A4F7556}") = "DespensaBarrial.Client", "DespensaBarrial\Client\DespensaBarrial.Client.csproj", "{B6E8F865-A644-4946-9F6B-FACA035BA530}"
EndProject
Project("{9A19103F-16F7-4668-BE54-9A1E7A4F7556}") = "DespensaBarrial.Shared", "DespensaBarrial\Shared\DespensaBarrial.Shared.csproj", "{039C0700-83B1-45F4-BDD5-A20AB198D67A}"
EndProject
Project("{9A19103F-16F7-4668-BE54-9A1E7A4F7556}") = "DespensaBarrial.BD", "DespensaBarrial.BD\DespensaBarrial.BD.csproj", "{68ED3807-AC1E-4B78-9DC4-2925C89EDBC6}"
EndProject
Global
	GlobalSection(SolutionConfigurationPlatforms) = preSolution
		Debug|Any CPU = Debug|Any CPU
		Release|Any CPU = Release|Any CPU
	EndGlobalSection
	GlobalSection(ProjectConfigurationPlatforms) = postSolution
		{C02B6E4A-7F53-4FF5-AA10-B8865B95A3A3}.Debug|Any CPU.ActiveCfg = Debug|Any CPU
		{C02B6E4A-7F53-4FF5-AA10-B8865B95A3A3}.Debug|Any CPU.Build.0 = Debug|Any CPU
		{C02B6E4A-7F53-4FF5-AA10-B8865B95A3A3}.Release|Any CPU.ActiveCfg = Release|Any CPU
		{C02B6E4A-7F53-4FF5-AA10-B8865B95A3A3}.Release|Any CPU.Build.0 = Release|Any CPU
		{B6E8F865-A644-4946-9F6B-FACA035BA530}.Debug|Any CPU.ActiveCfg = Debug|Any CPU
		{B6E8F865-A644-4946-9F6B-FACA035BA530}.Debug|Any CPU.Build.0 = Debug|Any CPU
		{B6E8F865-A644-4946-9F6B-FACA035BA530}.Release|Any CPU.ActiveCfg = Release|Any CPU
		{B6E8F865-A644-4946-9F6B-FACA035BA530}.Release|Any CPU.Build.0 = Release|Any CPU
		{039C0700-83B1-45F4-BDD5-A20AB198D67A}.Debug|Any CPU.ActiveCfg = Debug|Any CPU
		{039C0700-83B1-45F4-BDD5-A20AB198D67A}.Debug|Any CPU.Build.0 = Debug|Any CPU
		{039C0700-83B1-45F4-BDD5-A20AB198D67A}.Release|Any CPU.ActiveCfg = Release|Any CPU
		{039C0700-83B1-45F4-BDD5-A20AB198D67A}.Release|Any CPU.Build.0 = Release|Any CPU
		{68ED3807-AC1E-4B78-9DC4-2925C89EDBC6}.Debug|Any CPU.ActiveCfg = Debug|Any CPU
		{68ED3807-AC1E-4B78-9DC4-2925C89EDBC6}.Debug|Any CPU.Build.0 = Debug|Any CPU
		{68ED3807-AC1E-4B78-9DC4-2925C89EDBC6}.Release|Any CPU.ActiveCfg = Release|Any CPU
		{68ED3807-AC1E-4B78-9DC4-2925C89EDBC6}.Release|Any CPU.Build.0 = Release|Any CPU
	EndGlobalSection
	GlobalSection(SolutionProperties) = preSolution
		HideSolutionNode = FALSE
	EndGlobalSection
	GlobalSection(ExtensibilityGlobals) = postSolution
		SolutionGuid = {3F8939B5-7CB1-471F-A2C8-BD2CAADF6463}
	EndGlobalSection
EndGlobal
